
Microsoft Visual Studio Solution File, Format Version 12.00
# Visual Studio Version 17
VisualStudioVersion = 17.9.34728.123
MinimumVisualStudioVersion = 10.0.40219.1
Project("{FAE04EC0-301F-11D3-BF4B-00C04F79EFBC}") = "FamilyTree", "FamilyTree.csproj", "{AD4EB84C-0C51-49F2-B05A-39F19DA600A1}"
EndProject
Global
	GlobalSection(SolutionConfigurationPlatforms) = preSolution
		Debug|Any CPU = Debug|Any CPU
		Release|Any CPU = Release|Any CPU
	EndGlobalSection
	GlobalSection(ProjectConfigurationPlatforms) = postSolution
		{AD4EB84C-0C51-49F2-B05A-39F19DA600A1}.Debug|Any CPU.ActiveCfg = Debug|Any CPU
		{AD4EB84C-0C51-49F2-B05A-39F19DA600A1}.Debug|Any CPU.Build.0 = Debug|Any CPU
		{AD4EB84C-0C51-49F2-B05A-39F19DA600A1}.Release|Any CPU.ActiveCfg = Release|Any CPU
		{AD4EB84C-0C51-49F2-B05A-39F19DA600A1}.Release|Any CPU.Build.0 = Release|Any CPU
	EndGlobalSection
	GlobalSection(SolutionProperties) = preSolution
		HideSolutionNode = FALSE
	EndGlobalSection
	GlobalSection(ExtensibilityGlobals) = postSolution
		SolutionGuid = {86CBFE4C-0DC2-47DD-9863-6ABE40F32F17}
	EndGlobalSection
EndGlobal
